name: cscale-mqs
channels:
  - conda-forge
  - defaults
dependencies:
  - _libgcc_mutex=0.1
  - _openmp_mutex=4.5
  - ca-certificates=2021.10.8
  - ld_impl_linux-64=2.36.1
  - libffi=3.4.2
  - libgcc-ng=11.2.0
  - libgomp=11.2.0
  - libzlib=1.2.11
  - ncurses=6.2
  - openssl=3.0.0
  - pip=21.3.1
  - python=3.9.7
  - python_abi=3.9
  - readline=8.1
  - setuptools=58.5.3
  - sqlite=3.36.0
  - tk=8.6.11
  - tzdata=2021e
  - wheel=0.37.0
  - xz=5.2.5
  - zlib=1.2.11
  - pip:
    - anyio==3.3.4
    - attrs==21.2.0
    - brotli==1.0.9
    - brotli-asgi==1.1.0
    - charset-normalizer==2.0.7
    - click==8.0.3
    - fastapi==0.67.0
    - fastapi-utils==0.2.1
    - geojson-pydantic==0.3.1
    - h11==0.12.0
    - httpcore==0.13.7
    - httpx==0.20.0
    - idna==3.3
    - pydantic==1.8.2
    - python-dotenv==0.19.2
    - rfc3986==1.5.0
    - shapely==1.8.0
    - sniffio==1.2.0
    - stac-fastapi-api==2.2.0
    - stac-fastapi-extensions==2.2.0
    - stac-fastapi-types==2.2.0
    - stac-pydantic==2.0.1
    - starlette==0.14.2
